{
  "name": "basic-project-file",
  "version": "1.0.0",
  "lockfileVersion": 2,
  "requires": true,
  "packages": {
    "": {
      "name": "basic-project-file",
      "version": "1.0.0",
      "license": "ISC",
      "dependencies": {
        "swiper": "^6.8.1",
        "swup": "^2.0.14",
        "wheelz": "^1.0.4"
      }
    },
    "node_modules/delegate": {
      "version": "3.1.3",
      "resolved": "https://registry.npmjs.org/delegate/-/delegate-3.1.3.tgz",
      "integrity": "sha1-moJRp3fXAl+qVXN7w7BxdCEnqf0="
    },
    "node_modules/dom7": {
      "version": "3.0.0",
      "resolved": "https://registry.npmjs.org/dom7/-/dom7-3.0.0.tgz",
      "integrity": "sha512-oNlcUdHsC4zb7Msx7JN3K0Nro1dzJ48knvBOnDPKJ2GV9wl1i5vydJZUSyOfrkKFDZEud/jBsTk92S/VGSAe/g==",
      "dependencies": {
        "ssr-window": "^3.0.0-alpha.1"
      }
    },
    "node_modules/kinet": {
      "version": "2.2.1",
      "resolved": "https://registry.npmjs.org/kinet/-/kinet-2.2.1.tgz",
      "integrity": "sha512-UmnTPmnEokjxBeB3gPkOnTwRlIUaAeB+t21E+HJGzRKCGdJTUF3CTztK5yzzEuBQ1BZ0I0ovrY73+ctpPWFIOg=="
    },
    "node_modules/opencollective-postinstall": {
      "version": "2.0.3",
      "resolved": "https://registry.npmjs.org/opencollective-postinstall/-/opencollective-postinstall-2.0.3.tgz",
      "integrity": "sha512-8AV/sCtuzUeTo8gQK5qDZzARrulB3egtLzFgteqB2tcT4Mw7B8Kt7JcDHmltjz6FOAHsvTevk70gZEbhM4ZS9Q==",
      "bin": {
        "opencollective-postinstall": "index.js"
      }
    },
    "node_modules/ssr-window": {
      "version": "3.0.0",
      "resolved": "https://registry.npmjs.org/ssr-window/-/ssr-window-3.0.0.tgz",
      "integrity": "sha512-q+8UfWDg9Itrg0yWK7oe5p/XRCJpJF9OBtXfOPgSJl+u3Xd5KI328RUEvUqSMVM9CiQUEf1QdBzJMkYGErj9QA=="
    },
    "node_modules/swiper": {
      "version": "6.8.1",
      "resolved": "https://registry.npmjs.org/swiper/-/swiper-6.8.1.tgz",
      "integrity": "sha512-Gc2rKe0XH3zoB0ogonlielduGM9DDQCJtXAeFeD2ujwzhEqw+5udwebCMNjhAcQ+xl9ygM5PnRoziAUol3Dx5w==",
      "funding": [
        {
          "type": "patreon",
          "url": "https://www.patreon.com/vladimirkharlampidi"
        },
        {
          "type": "open_collective",
          "url": "http://opencollective.com/swiper"
        }
      ],
      "hasInstallScript": true,
      "dependencies": {
        "dom7": "^3.0.0",
        "ssr-window": "^3.0.0"
      },
      "engines": {
        "node": ">= 4.7.0"
      }
    },
    "node_modules/swup": {
      "version": "2.0.14",
      "resolved": "https://registry.npmjs.org/swup/-/swup-2.0.14.tgz",
      "integrity": "sha512-a+Ihye+rTOwyW7T/vJYwGEKy9kJwc4twwlBryoKZY6WNutQOdpWUKmCkJdvkrDNIqBAvIqpsGUW1NJvoxZxP8w==",
      "hasInstallScript": true,
      "dependencies": {
        "delegate": "3.1.3",
        "opencollective-postinstall": "^2.0.2"
      }
    },
    "node_modules/wheelz": {
      "version": "1.0.4",
      "resolved": "https://registry.npmjs.org/wheelz/-/wheelz-1.0.4.tgz",
      "integrity": "sha512-7BVgv2tQ4jErb0i+4J4JG/eeGkA6L649jBVQDFm1tAZQ7ysfqo/jHXLAcV+GInWM0Bt2bUBAsJfp3PH8SjGb6A==",
      "dependencies": {
        "kinet": "^2.2.0"
      }
    }
  },
  "dependencies": {
    "delegate": {
      "version": "3.1.3",
      "resolved": "https://registry.npmjs.org/delegate/-/delegate-3.1.3.tgz",
      "integrity": "sha1-moJRp3fXAl+qVXN7w7BxdCEnqf0="
    },
    "dom7": {
      "version": "3.0.0",
      "resolved": "https://registry.npmjs.org/dom7/-/dom7-3.0.0.tgz",
      "integrity": "sha512-oNlcUdHsC4zb7Msx7JN3K0Nro1dzJ48knvBOnDPKJ2GV9wl1i5vydJZUSyOfrkKFDZEud/jBsTk92S/VGSAe/g==",
      "requires": {
        "ssr-window": "^3.0.0-alpha.1"
      }
    },
    "kinet": {
      "version": "2.2.1",
      "resolved": "https://registry.npmjs.org/kinet/-/kinet-2.2.1.tgz",
      "integrity": "sha512-UmnTPmnEokjxBeB3gPkOnTwRlIUaAeB+t21E+HJGzRKCGdJTUF3CTztK5yzzEuBQ1BZ0I0ovrY73+ctpPWFIOg=="
    },
    "opencollective-postinstall": {
      "version": "2.0.3",
      "resolved": "https://registry.npmjs.org/opencollective-postinstall/-/opencollective-postinstall-2.0.3.tgz",
      "integrity": "sha512-8AV/sCtuzUeTo8gQK5qDZzARrulB3egtLzFgteqB2tcT4Mw7B8Kt7JcDHmltjz6FOAHsvTevk70gZEbhM4ZS9Q=="
    },
    "ssr-window": {
      "version": "3.0.0",
      "resolved": "https://registry.npmjs.org/ssr-window/-/ssr-window-3.0.0.tgz",
      "integrity": "sha512-q+8UfWDg9Itrg0yWK7oe5p/XRCJpJF9OBtXfOPgSJl+u3Xd5KI328RUEvUqSMVM9CiQUEf1QdBzJMkYGErj9QA=="
    },
    "swiper": {
      "version": "6.8.1",
      "resolved": "https://registry.npmjs.org/swiper/-/swiper-6.8.1.tgz",
      "integrity": "sha512-Gc2rKe0XH3zoB0ogonlielduGM9DDQCJtXAeFeD2ujwzhEqw+5udwebCMNjhAcQ+xl9ygM5PnRoziAUol3Dx5w==",
      "requires": {
        "dom7": "^3.0.0",
        "ssr-window": "^3.0.0"
      }
    },
    "swup": {
      "version": "2.0.14",
      "resolved": "https://registry.npmjs.org/swup/-/swup-2.0.14.tgz",
      "integrity": "sha512-a+Ihye+rTOwyW7T/vJYwGEKy9kJwc4twwlBryoKZY6WNutQOdpWUKmCkJdvkrDNIqBAvIqpsGUW1NJvoxZxP8w==",
      "requires": {
        "delegate": "3.1.3",
        "opencollective-postinstall": "^2.0.2"
      }
    },
    "wheelz": {
      "version": "1.0.4",
      "resolved": "https://registry.npmjs.org/wheelz/-/wheelz-1.0.4.tgz",
      "integrity": "sha512-7BVgv2tQ4jErb0i+4J4JG/eeGkA6L649jBVQDFm1tAZQ7ysfqo/jHXLAcV+GInWM0Bt2bUBAsJfp3PH8SjGb6A==",
      "requires": {
        "kinet": "^2.2.0"
      }
    }
  }
}
